
Microsoft Visual Studio Solution File, Format Version 12.00
# Visual Studio Version 17
VisualStudioVersion = 17.9.34902.65
MinimumVisualStudioVersion = 10.0.40219.1
Project("{9A19103F-16F7-4668-BE54-9A1E7A4F7556}") = "PharmaStoreInventory", "PharmaStoreInventory\PharmaStoreInventory.csproj", "{90EC25E8-AF9B-4E90-A5FE-F7703FE27634}"
EndProject
Project("{9A19103F-16F7-4668-BE54-9A1E7A4F7556}") = "DataAccess", "DataAccess\DataAccess.csproj", "{D453BCD6-F8E9-4A2C-8FDA-1088EA2CA395}"
EndProject
Project("{9A19103F-16F7-4668-BE54-9A1E7A4F7556}") = "PharmaStoreInventoryApi", "PharmaStoreInventoryApi\PharmaStoreInventoryApi.csproj", "{C6A5942B-3A68-427E-8B2D-D4368FE0699D}"
EndProject
Project("{9A19103F-16F7-4668-BE54-9A1E7A4F7556}") = "PharmaIpManager", "PharmaIpManager\PharmaIpManager.csproj", "{3AA22AD7-0AC9-4FBC-B5DE-CFBC97C8CD1E}"
EndProject
Project("{54435603-DBB4-11D2-8724-00A0C9A8B90C}") = "PharmaStoreSetup", "PharmaStoreSetup\PharmaStoreSetup.vdproj", "{90098B0F-CEC8-4C13-A83C-D97B18544888}"
EndProject
Global
	GlobalSection(SolutionConfigurationPlatforms) = preSolution
		Debug|Any CPU = Debug|Any CPU
		Release|Any CPU = Release|Any CPU
	EndGlobalSection
	GlobalSection(ProjectConfigurationPlatforms) = postSolution
		{90EC25E8-AF9B-4E90-A5FE-F7703FE27634}.Debug|Any CPU.ActiveCfg = Debug|Any CPU
		{90EC25E8-AF9B-4E90-A5FE-F7703FE27634}.Debug|Any CPU.Build.0 = Debug|Any CPU
		{90EC25E8-AF9B-4E90-A5FE-F7703FE27634}.Debug|Any CPU.Deploy.0 = Debug|Any CPU
		{90EC25E8-AF9B-4E90-A5FE-F7703FE27634}.Release|Any CPU.ActiveCfg = Release|Any CPU
		{90EC25E8-AF9B-4E90-A5FE-F7703FE27634}.Release|Any CPU.Build.0 = Release|Any CPU
		{90EC25E8-AF9B-4E90-A5FE-F7703FE27634}.Release|Any CPU.Deploy.0 = Release|Any CPU
		{D453BCD6-F8E9-4A2C-8FDA-1088EA2CA395}.Debug|Any CPU.ActiveCfg = Debug|Any CPU
		{D453BCD6-F8E9-4A2C-8FDA-1088EA2CA395}.Debug|Any CPU.Build.0 = Debug|Any CPU
		{D453BCD6-F8E9-4A2C-8FDA-1088EA2CA395}.Release|Any CPU.ActiveCfg = Release|Any CPU
		{D453BCD6-F8E9-4A2C-8FDA-1088EA2CA395}.Release|Any CPU.Build.0 = Release|Any CPU
		{C6A5942B-3A68-427E-8B2D-D4368FE0699D}.Debug|Any CPU.ActiveCfg = Debug|Any CPU
		{C6A5942B-3A68-427E-8B2D-D4368FE0699D}.Debug|Any CPU.Build.0 = Debug|Any CPU
		{C6A5942B-3A68-427E-8B2D-D4368FE0699D}.Release|Any CPU.ActiveCfg = Release|Any CPU
		{C6A5942B-3A68-427E-8B2D-D4368FE0699D}.Release|Any CPU.Build.0 = Release|Any CPU
		{3AA22AD7-0AC9-4FBC-B5DE-CFBC97C8CD1E}.Debug|Any CPU.ActiveCfg = Debug|Any CPU
		{3AA22AD7-0AC9-4FBC-B5DE-CFBC97C8CD1E}.Debug|Any CPU.Build.0 = Debug|Any CPU
		{3AA22AD7-0AC9-4FBC-B5DE-CFBC97C8CD1E}.Release|Any CPU.ActiveCfg = Release|Any CPU
		{3AA22AD7-0AC9-4FBC-B5DE-CFBC97C8CD1E}.Release|Any CPU.Build.0 = Release|Any CPU
		{90098B0F-CEC8-4C13-A83C-D97B18544888}.Debug|Any CPU.ActiveCfg = Debug
		{90098B0F-CEC8-4C13-A83C-D97B18544888}.Debug|Any CPU.Build.0 = Debug
		{90098B0F-CEC8-4C13-A83C-D97B18544888}.Release|Any CPU.ActiveCfg = Release
		{90098B0F-CEC8-4C13-A83C-D97B18544888}.Release|Any CPU.Build.0 = Release
	EndGlobalSection
	GlobalSection(SolutionProperties) = preSolution
		HideSolutionNode = FALSE
	EndGlobalSection
	GlobalSection(ExtensibilityGlobals) = postSolution
		SolutionGuid = {29BC6084-4098-42DF-BB00-75E6D2E3F8CA}
	EndGlobalSection
EndGlobal
