
Microsoft Visual Studio Solution File, Format Version 12.00
# Visual Studio Version 17
VisualStudioVersion = 17.9.34902.65
MinimumVisualStudioVersion = 10.0.40219.1
Project("{9A19103F-16F7-4668-BE54-9A1E7A4F7556}") = "PharmaStoreInventory", "PharmaStoreInventory\PharmaStoreInventory.csproj", "{90EC25E8-AF9B-4E90-A5FE-F7703FE27634}"
EndProject
Project("{9A19103F-16F7-4668-BE54-9A1E7A4F7556}") = "DataAccess", "DataAccess\DataAccess.csproj", "{D453BCD6-F8E9-4A2C-8FDA-1088EA2CA395}"
EndProject
Project("{2150E333-8FDC-42A3-9474-1A3956D46DE8}") = "SQLQueries", "SQLQueries", "{985BCE98-9142-4FEA-BC1E-A4862298E984}"
	ProjectSection(SolutionItems) = preProject
		host-0-Insert_all.sql = host-0-Insert_all.sql
		..\..\..\Backend\QuerySqlServer\SQLQueries\host-1-ScriptHost.sql = ..\..\..\Backend\QuerySqlServer\SQLQueries\host-1-ScriptHost.sql
		..\..\..\Backend\QuerySqlServer\SQLQueries\host-2_insert_Emp.sql = ..\..\..\Backend\QuerySqlServer\SQLQueries\host-2_insert_Emp.sql
		..\..\..\Backend\QuerySqlServer\SQLQueries\host-3_insert_Users.sql = ..\..\..\Backend\QuerySqlServer\SQLQueries\host-3_insert_Users.sql
		..\..\..\Backend\QuerySqlServer\SQLQueries\host-4_branch.sql = ..\..\..\Backend\QuerySqlServer\SQLQueries\host-4_branch.sql
	EndProjectSection
EndProject
Project("{FAE04EC0-301F-11D3-BF4B-00C04F79EFBC}") = "PharmaStoreInventoryApi", "PharmaStoreInventoryApi\PharmaStoreInventoryApi.csproj", "{C6A5942B-3A68-427E-8B2D-D4368FE0699D}"
EndProject
Global
	GlobalSection(SolutionConfigurationPlatforms) = preSolution
		Debug|Any CPU = Debug|Any CPU
		Release|Any CPU = Release|Any CPU
	EndGlobalSection
	GlobalSection(ProjectConfigurationPlatforms) = postSolution
		{90EC25E8-AF9B-4E90-A5FE-F7703FE27634}.Debug|Any CPU.ActiveCfg = Debug|Any CPU
		{90EC25E8-AF9B-4E90-A5FE-F7703FE27634}.Debug|Any CPU.Build.0 = Debug|Any CPU
		{90EC25E8-AF9B-4E90-A5FE-F7703FE27634}.Debug|Any CPU.Deploy.0 = Debug|Any CPU
		{90EC25E8-AF9B-4E90-A5FE-F7703FE27634}.Release|Any CPU.ActiveCfg = Release|Any CPU
		{90EC25E8-AF9B-4E90-A5FE-F7703FE27634}.Release|Any CPU.Build.0 = Release|Any CPU
		{90EC25E8-AF9B-4E90-A5FE-F7703FE27634}.Release|Any CPU.Deploy.0 = Release|Any CPU
		{D453BCD6-F8E9-4A2C-8FDA-1088EA2CA395}.Debug|Any CPU.ActiveCfg = Debug|Any CPU
		{D453BCD6-F8E9-4A2C-8FDA-1088EA2CA395}.Debug|Any CPU.Build.0 = Debug|Any CPU
		{D453BCD6-F8E9-4A2C-8FDA-1088EA2CA395}.Release|Any CPU.ActiveCfg = Release|Any CPU
		{D453BCD6-F8E9-4A2C-8FDA-1088EA2CA395}.Release|Any CPU.Build.0 = Release|Any CPU
		{C6A5942B-3A68-427E-8B2D-D4368FE0699D}.Debug|Any CPU.ActiveCfg = Debug|Any CPU
		{C6A5942B-3A68-427E-8B2D-D4368FE0699D}.Debug|Any CPU.Build.0 = Debug|Any CPU
		{C6A5942B-3A68-427E-8B2D-D4368FE0699D}.Release|Any CPU.ActiveCfg = Release|Any CPU
		{C6A5942B-3A68-427E-8B2D-D4368FE0699D}.Release|Any CPU.Build.0 = Release|Any CPU
	EndGlobalSection
	GlobalSection(SolutionProperties) = preSolution
		HideSolutionNode = FALSE
	EndGlobalSection
	GlobalSection(ExtensibilityGlobals) = postSolution
		SolutionGuid = {29BC6084-4098-42DF-BB00-75E6D2E3F8CA}
	EndGlobalSection
EndGlobal
